
Microsoft Visual Studio Solution File, Format Version 12.00
# Visual Studio Version 16
VisualStudioVersion = 16.0.28729.10
MinimumVisualStudioVersion = 10.0.40219.1
Project("{FAE04EC0-301F-11D3-BF4B-00C04F79EFBC}") = "DoSo.Git_MultiRepository_Manager.Core", "DoSo.Git_MultiRepository_Manager.Core\DoSo.Git_MultiRepository_Manager.Core.csproj", "{A0AF6D41-4C3F-4F5C-9CFD-856B63B09BDC}"
EndProject
Project("{FAE04EC0-301F-11D3-BF4B-00C04F79EFBC}") = "DoSo.Git_MultiRepository_Manager.Launcher", "DoSo.Git_MultiRepository_Manager.Launcher\DoSo.Git_MultiRepository_Manager.Launcher.csproj", "{25FAFAC4-B5E1-4ACD-AACF-F067A5B8BA8F}"
EndProject
Global
	GlobalSection(SolutionConfigurationPlatforms) = preSolution
		Debug|Any CPU = Debug|Any CPU
		Release|Any CPU = Release|Any CPU
	EndGlobalSection
	GlobalSection(ProjectConfigurationPlatforms) = postSolution
		{A0AF6D41-4C3F-4F5C-9CFD-856B63B09BDC}.Debug|Any CPU.ActiveCfg = Debug|Any CPU
		{A0AF6D41-4C3F-4F5C-9CFD-856B63B09BDC}.Debug|Any CPU.Build.0 = Debug|Any CPU
		{A0AF6D41-4C3F-4F5C-9CFD-856B63B09BDC}.Release|Any CPU.ActiveCfg = Release|Any CPU
		{A0AF6D41-4C3F-4F5C-9CFD-856B63B09BDC}.Release|Any CPU.Build.0 = Release|Any CPU
		{25FAFAC4-B5E1-4ACD-AACF-F067A5B8BA8F}.Debug|Any CPU.ActiveCfg = Debug|Any CPU
		{25FAFAC4-B5E1-4ACD-AACF-F067A5B8BA8F}.Debug|Any CPU.Build.0 = Debug|Any CPU
		{25FAFAC4-B5E1-4ACD-AACF-F067A5B8BA8F}.Release|Any CPU.ActiveCfg = Release|Any CPU
		{25FAFAC4-B5E1-4ACD-AACF-F067A5B8BA8F}.Release|Any CPU.Build.0 = Release|Any CPU
	EndGlobalSection
	GlobalSection(SolutionProperties) = preSolution
		HideSolutionNode = FALSE
	EndGlobalSection
	GlobalSection(ExtensibilityGlobals) = postSolution
		SolutionGuid = {478A20F2-B03C-4E0E-864E-85AC1A7926DB}
	EndGlobalSection
EndGlobal
